
Microsoft Visual Studio Solution File, Format Version 12.00
# Visual Studio Version 17
VisualStudioVersion = 17.1.32228.430
MinimumVisualStudioVersion = 10.0.40219.1
Project("{9A19103F-16F7-4668-BE54-9A1E7A4F7556}") = "WebScrumBoard2", "WebScrumBoard2\WebScrumBoard2.csproj", "{F5EFD6D8-28A0-4349-BB06-CE3B228E51B1}"
EndProject
Project("{9A19103F-16F7-4668-BE54-9A1E7A4F7556}") = "Board", "..\ScrumBoard\Board\Board.csproj", "{99382AC4-1E11-405E-9012-A15C25514715}"
EndProject
Project("{9A19103F-16F7-4668-BE54-9A1E7A4F7556}") = "IBoard", "..\ScrumBoard\BoardInterface\IBoard.csproj", "{A925635A-61F8-432C-8645-CE7094933E6A}"
EndProject
Project("{9A19103F-16F7-4668-BE54-9A1E7A4F7556}") = "IColumn", "..\ScrumBoard\ColumnInterface\IColumn.csproj", "{1BEF5738-2DE1-48A0-B9D3-529926279460}"
EndProject
Project("{9A19103F-16F7-4668-BE54-9A1E7A4F7556}") = "Columns", "..\ScrumBoard\Columns\Columns.csproj", "{A82FBAC0-C5BE-4FDB-9A55-CF39CF2981F1}"
EndProject
Project("{9A19103F-16F7-4668-BE54-9A1E7A4F7556}") = "ScrumBoard", "..\ScrumBoard\ScrumBoard\ScrumBoard.csproj", "{DCA701C7-AAE2-47C2-8C1C-6F935B7F62C1}"
EndProject
Project("{9A19103F-16F7-4668-BE54-9A1E7A4F7556}") = "ScrumBoardCreator", "..\ScrumBoard\ScrumBoardCreator\ScrumBoardCreator.csproj", "{5E6B0743-7F2D-4F80-BB6F-DE717ABA74A8}"
EndProject
Project("{9A19103F-16F7-4668-BE54-9A1E7A4F7556}") = "ITask", "..\ScrumBoard\TaskInterface\ITask.csproj", "{1DB8AA25-BFCA-43FC-A575-8CE12CACB7E9}"
EndProject
Project("{9A19103F-16F7-4668-BE54-9A1E7A4F7556}") = "Tasks", "..\ScrumBoard\Tasks\Tasks.csproj", "{52CE8395-C93A-4BEE-BDAA-079260FBB250}"
EndProject
Global
	GlobalSection(SolutionConfigurationPlatforms) = preSolution
		Debug|Any CPU = Debug|Any CPU
		Release|Any CPU = Release|Any CPU
	EndGlobalSection
	GlobalSection(ProjectConfigurationPlatforms) = postSolution
		{F5EFD6D8-28A0-4349-BB06-CE3B228E51B1}.Debug|Any CPU.ActiveCfg = Debug|Any CPU
		{F5EFD6D8-28A0-4349-BB06-CE3B228E51B1}.Debug|Any CPU.Build.0 = Debug|Any CPU
		{F5EFD6D8-28A0-4349-BB06-CE3B228E51B1}.Release|Any CPU.ActiveCfg = Release|Any CPU
		{F5EFD6D8-28A0-4349-BB06-CE3B228E51B1}.Release|Any CPU.Build.0 = Release|Any CPU
		{99382AC4-1E11-405E-9012-A15C25514715}.Debug|Any CPU.ActiveCfg = Debug|Any CPU
		{99382AC4-1E11-405E-9012-A15C25514715}.Debug|Any CPU.Build.0 = Debug|Any CPU
		{99382AC4-1E11-405E-9012-A15C25514715}.Release|Any CPU.ActiveCfg = Release|Any CPU
		{99382AC4-1E11-405E-9012-A15C25514715}.Release|Any CPU.Build.0 = Release|Any CPU
		{A925635A-61F8-432C-8645-CE7094933E6A}.Debug|Any CPU.ActiveCfg = Debug|Any CPU
		{A925635A-61F8-432C-8645-CE7094933E6A}.Debug|Any CPU.Build.0 = Debug|Any CPU
		{A925635A-61F8-432C-8645-CE7094933E6A}.Release|Any CPU.ActiveCfg = Release|Any CPU
		{A925635A-61F8-432C-8645-CE7094933E6A}.Release|Any CPU.Build.0 = Release|Any CPU
		{1BEF5738-2DE1-48A0-B9D3-529926279460}.Debug|Any CPU.ActiveCfg = Debug|Any CPU
		{1BEF5738-2DE1-48A0-B9D3-529926279460}.Debug|Any CPU.Build.0 = Debug|Any CPU
		{1BEF5738-2DE1-48A0-B9D3-529926279460}.Release|Any CPU.ActiveCfg = Release|Any CPU
		{1BEF5738-2DE1-48A0-B9D3-529926279460}.Release|Any CPU.Build.0 = Release|Any CPU
		{A82FBAC0-C5BE-4FDB-9A55-CF39CF2981F1}.Debug|Any CPU.ActiveCfg = Debug|Any CPU
		{A82FBAC0-C5BE-4FDB-9A55-CF39CF2981F1}.Debug|Any CPU.Build.0 = Debug|Any CPU
		{A82FBAC0-C5BE-4FDB-9A55-CF39CF2981F1}.Release|Any CPU.ActiveCfg = Release|Any CPU
		{A82FBAC0-C5BE-4FDB-9A55-CF39CF2981F1}.Release|Any CPU.Build.0 = Release|Any CPU
		{DCA701C7-AAE2-47C2-8C1C-6F935B7F62C1}.Debug|Any CPU.ActiveCfg = Debug|Any CPU
		{DCA701C7-AAE2-47C2-8C1C-6F935B7F62C1}.Debug|Any CPU.Build.0 = Debug|Any CPU
		{DCA701C7-AAE2-47C2-8C1C-6F935B7F62C1}.Release|Any CPU.ActiveCfg = Release|Any CPU
		{DCA701C7-AAE2-47C2-8C1C-6F935B7F62C1}.Release|Any CPU.Build.0 = Release|Any CPU
		{5E6B0743-7F2D-4F80-BB6F-DE717ABA74A8}.Debug|Any CPU.ActiveCfg = Debug|Any CPU
		{5E6B0743-7F2D-4F80-BB6F-DE717ABA74A8}.Debug|Any CPU.Build.0 = Debug|Any CPU
		{5E6B0743-7F2D-4F80-BB6F-DE717ABA74A8}.Release|Any CPU.ActiveCfg = Release|Any CPU
		{5E6B0743-7F2D-4F80-BB6F-DE717ABA74A8}.Release|Any CPU.Build.0 = Release|Any CPU
		{1DB8AA25-BFCA-43FC-A575-8CE12CACB7E9}.Debug|Any CPU.ActiveCfg = Debug|Any CPU
		{1DB8AA25-BFCA-43FC-A575-8CE12CACB7E9}.Debug|Any CPU.Build.0 = Debug|Any CPU
		{1DB8AA25-BFCA-43FC-A575-8CE12CACB7E9}.Release|Any CPU.ActiveCfg = Release|Any CPU
		{1DB8AA25-BFCA-43FC-A575-8CE12CACB7E9}.Release|Any CPU.Build.0 = Release|Any CPU
		{52CE8395-C93A-4BEE-BDAA-079260FBB250}.Debug|Any CPU.ActiveCfg = Debug|Any CPU
		{52CE8395-C93A-4BEE-BDAA-079260FBB250}.Debug|Any CPU.Build.0 = Debug|Any CPU
		{52CE8395-C93A-4BEE-BDAA-079260FBB250}.Release|Any CPU.ActiveCfg = Release|Any CPU
		{52CE8395-C93A-4BEE-BDAA-079260FBB250}.Release|Any CPU.Build.0 = Release|Any CPU
	EndGlobalSection
	GlobalSection(SolutionProperties) = preSolution
		HideSolutionNode = FALSE
	EndGlobalSection
	GlobalSection(ExtensibilityGlobals) = postSolution
		SolutionGuid = {184B9A85-5B59-42C0-AC06-F41792D01776}
	EndGlobalSection
EndGlobal
