
Microsoft Visual Studio Solution File, Format Version 12.00
# Visual Studio Version 17
VisualStudioVersion = 17.1.32228.430
MinimumVisualStudioVersion = 10.0.40219.1
Project("{9A19103F-16F7-4668-BE54-9A1E7A4F7556}") = "Calculate", "Calculate\Calculate.csproj", "{0E76FEFB-A48C-4CE7-AFFB-A7B7CB2DE311}"
EndProject
Project("{9A19103F-16F7-4668-BE54-9A1E7A4F7556}") = "CalculateLibrary", "CalculateLibrary\CalculateLibrary.csproj", "{B7D7A420-2B80-4281-8A60-CF02E8124817}"
EndProject
Global
	GlobalSection(SolutionConfigurationPlatforms) = preSolution
		Debug|Any CPU = Debug|Any CPU
		Release|Any CPU = Release|Any CPU
	EndGlobalSection
	GlobalSection(ProjectConfigurationPlatforms) = postSolution
		{0E76FEFB-A48C-4CE7-AFFB-A7B7CB2DE311}.Debug|Any CPU.ActiveCfg = Debug|Any CPU
		{0E76FEFB-A48C-4CE7-AFFB-A7B7CB2DE311}.Debug|Any CPU.Build.0 = Debug|Any CPU
		{0E76FEFB-A48C-4CE7-AFFB-A7B7CB2DE311}.Release|Any CPU.ActiveCfg = Release|Any CPU
		{0E76FEFB-A48C-4CE7-AFFB-A7B7CB2DE311}.Release|Any CPU.Build.0 = Release|Any CPU
		{B7D7A420-2B80-4281-8A60-CF02E8124817}.Debug|Any CPU.ActiveCfg = Debug|Any CPU
		{B7D7A420-2B80-4281-8A60-CF02E8124817}.Debug|Any CPU.Build.0 = Debug|Any CPU
		{B7D7A420-2B80-4281-8A60-CF02E8124817}.Release|Any CPU.ActiveCfg = Release|Any CPU
		{B7D7A420-2B80-4281-8A60-CF02E8124817}.Release|Any CPU.Build.0 = Release|Any CPU
	EndGlobalSection
	GlobalSection(SolutionProperties) = preSolution
		HideSolutionNode = FALSE
	EndGlobalSection
	GlobalSection(ExtensibilityGlobals) = postSolution
		SolutionGuid = {D5BC9633-1740-4CEC-B81F-1DED1BEBAE49}
	EndGlobalSection
EndGlobal
