
Microsoft Visual Studio Solution File, Format Version 12.00
# Visual Studio Version 17
VisualStudioVersion = 17.1.32228.430
MinimumVisualStudioVersion = 10.0.40219.1
Project("{FAE04EC0-301F-11D3-BF4B-00C04F79EFBC}") = "ScrumBoard3", "ScrumBoard3\ScrumBoard3.csproj", "{3513B2A6-29AE-45E5-8B04-DD9AB67E35F9}"
EndProject
Project("{FAE04EC0-301F-11D3-BF4B-00C04F79EFBC}") = "ScrumBoardTest", "ScrumBoardTest\ScrumBoardTest.csproj", "{D8D5C00C-E2FB-4641-AC6C-05B0A48C7F6C}"
EndProject
Global
	GlobalSection(SolutionConfigurationPlatforms) = preSolution
		Debug|Any CPU = Debug|Any CPU
		Release|Any CPU = Release|Any CPU
	EndGlobalSection
	GlobalSection(ProjectConfigurationPlatforms) = postSolution
		{3513B2A6-29AE-45E5-8B04-DD9AB67E35F9}.Debug|Any CPU.ActiveCfg = Debug|Any CPU
		{3513B2A6-29AE-45E5-8B04-DD9AB67E35F9}.Debug|Any CPU.Build.0 = Debug|Any CPU
		{3513B2A6-29AE-45E5-8B04-DD9AB67E35F9}.Release|Any CPU.ActiveCfg = Release|Any CPU
		{3513B2A6-29AE-45E5-8B04-DD9AB67E35F9}.Release|Any CPU.Build.0 = Release|Any CPU
		{D8D5C00C-E2FB-4641-AC6C-05B0A48C7F6C}.Debug|Any CPU.ActiveCfg = Debug|Any CPU
		{D8D5C00C-E2FB-4641-AC6C-05B0A48C7F6C}.Debug|Any CPU.Build.0 = Debug|Any CPU
		{D8D5C00C-E2FB-4641-AC6C-05B0A48C7F6C}.Release|Any CPU.ActiveCfg = Release|Any CPU
		{D8D5C00C-E2FB-4641-AC6C-05B0A48C7F6C}.Release|Any CPU.Build.0 = Release|Any CPU
	EndGlobalSection
	GlobalSection(SolutionProperties) = preSolution
		HideSolutionNode = FALSE
	EndGlobalSection
	GlobalSection(ExtensibilityGlobals) = postSolution
		SolutionGuid = {95C73A0C-340F-4261-8841-637AB2BAB917}
	EndGlobalSection
EndGlobal
